// !$*UTF8*$!
{
	archiveVersion = 1;
	classes = {
	};
	objectVersion = 56;
	objects = {

/* Begin PBXBuildFile section */
		2D1F90C3293E6E5500AD2305 /* CompanyOverview.swift in Sources */ = {isa = PBXBuildFile; fileRef = 2D1F90C2293E6E5500AD2305 /* CompanyOverview.swift */; };
		2D4DFD67293D5DCA00B61D30 /* StockDetailViewController.swift in Sources */ = {isa = PBXBuildFile; fileRef = 2D4DFD66293D5DCA00B61D30 /* StockDetailViewController.swift */; };
		2D4DFD6B293D822800B61D30 /* StockQuote.swift in Sources */ = {isa = PBXBuildFile; fileRef = 2D4DFD6A293D822800B61D30 /* StockQuote.swift */; };
		2D5F8C82293BA9E300EDB140 /* SplashViewController.swift in Sources */ = {isa = PBXBuildFile; fileRef = 2D5F8C81293BA9E300EDB140 /* SplashViewController.swift */; };
		2D5F8C85293BAB3E00EDB140 /* Alamofire in Frameworks */ = {isa = PBXBuildFile; productRef = 2D5F8C84293BAB3E00EDB140 /* Alamofire */; };
		2D5F8C87293BAB5100EDB140 /* NetworkingProvider.swift in Sources */ = {isa = PBXBuildFile; fileRef = 2D5F8C86293BAB5100EDB140 /* NetworkingProvider.swift */; };
		2D5F8C8B293BFD8A00EDB140 /* StockSearch.swift in Sources */ = {isa = PBXBuildFile; fileRef = 2D5F8C8A293BFD8A00EDB140 /* StockSearch.swift */; };
		2DA56DC82939ABEE008C3DFC /* StockListViewController.swift in Sources */ = {isa = PBXBuildFile; fileRef = 2DA56DC72939ABEE008C3DFC /* StockListViewController.swift */; };
		2DA56DCA2939AC79008C3DFC /* StockTableViewCell.swift in Sources */ = {isa = PBXBuildFile; fileRef = 2DA56DC92939AC79008C3DFC /* StockTableViewCell.swift */; };
		2DA9E1BB292DA07D00EF5845 /* AppDelegate.swift in Sources */ = {isa = PBXBuildFile; fileRef = 2DA9E1BA292DA07D00EF5845 /* AppDelegate.swift */; };
		2DA9E1BD292DA07D00EF5845 /* SceneDelegate.swift in Sources */ = {isa = PBXBuildFile; fileRef = 2DA9E1BC292DA07D00EF5845 /* SceneDelegate.swift */; };
		2DA9E1C2292DA07D00EF5845 /* Main.storyboard in Resources */ = {isa = PBXBuildFile; fileRef = 2DA9E1C0292DA07D00EF5845 /* Main.storyboard */; };
		2DA9E1C4292DA07E00EF5845 /* Assets.xcassets in Resources */ = {isa = PBXBuildFile; fileRef = 2DA9E1C3292DA07E00EF5845 /* Assets.xcassets */; };
		2DA9E1C7292DA07E00EF5845 /* LaunchScreen.storyboard in Resources */ = {isa = PBXBuildFile; fileRef = 2DA9E1C5292DA07E00EF5845 /* LaunchScreen.storyboard */; };
/* End PBXBuildFile section */

/* Begin PBXFileReference section */
		2D1F90C2293E6E5500AD2305 /* CompanyOverview.swift */ = {isa = PBXFileReference; lastKnownFileType = sourcecode.swift; path = CompanyOverview.swift; sourceTree = "<group>"; };
		2D4DFD66293D5DCA00B61D30 /* StockDetailViewController.swift */ = {isa = PBXFileReference; lastKnownFileType = sourcecode.swift; path = StockDetailViewController.swift; sourceTree = "<group>"; };
		2D4DFD6A293D822800B61D30 /* StockQuote.swift */ = {isa = PBXFileReference; lastKnownFileType = sourcecode.swift; path = StockQuote.swift; sourceTree = "<group>"; };
		2D5F8C81293BA9E300EDB140 /* SplashViewController.swift */ = {isa = PBXFileReference; lastKnownFileType = sourcecode.swift; path = SplashViewController.swift; sourceTree = "<group>"; };
		2D5F8C86293BAB5100EDB140 /* NetworkingProvider.swift */ = {isa = PBXFileReference; lastKnownFileType = sourcecode.swift; path = NetworkingProvider.swift; sourceTree = "<group>"; };
		2D5F8C8A293BFD8A00EDB140 /* StockSearch.swift */ = {isa = PBXFileReference; lastKnownFileType = sourcecode.swift; path = StockSearch.swift; sourceTree = "<group>"; };
		2DA56DC72939ABEE008C3DFC /* StockListViewController.swift */ = {isa = PBXFileReference; lastKnownFileType = sourcecode.swift; path = StockListViewController.swift; sourceTree = "<group>"; };
		2DA56DC92939AC79008C3DFC /* StockTableViewCell.swift */ = {isa = PBXFileReference; lastKnownFileType = sourcecode.swift; path = StockTableViewCell.swift; sourceTree = "<group>"; };
		2DA9E1B7292DA07D00EF5845 /* FinalProject.app */ = {isa = PBXFileReference; explicitFileType = wrapper.application; includeInIndex = 0; path = FinalProject.app; sourceTree = BUILT_PRODUCTS_DIR; };
		2DA9E1BA292DA07D00EF5845 /* AppDelegate.swift */ = {isa = PBXFileReference; lastKnownFileType = sourcecode.swift; path = AppDelegate.swift; sourceTree = "<group>"; };
		2DA9E1BC292DA07D00EF5845 /* SceneDelegate.swift */ = {isa = PBXFileReference; lastKnownFileType = sourcecode.swift; path = SceneDelegate.swift; sourceTree = "<group>"; };
		2DA9E1C1292DA07D00EF5845 /* Base */ = {isa = PBXFileReference; lastKnownFileType = file.storyboard; name = Base; path = Base.lproj/Main.storyboard; sourceTree = "<group>"; };
		2DA9E1C3292DA07E00EF5845 /* Assets.xcassets */ = {isa = PBXFileReference; lastKnownFileType = folder.assetcatalog; path = Assets.xcassets; sourceTree = "<group>"; };
		2DA9E1C6292DA07E00EF5845 /* Base */ = {isa = PBXFileReference; lastKnownFileType = file.storyboard; name = Base; path = Base.lproj/LaunchScreen.storyboard; sourceTree = "<group>"; };
		2DA9E1C8292DA07E00EF5845 /* Info.plist */ = {isa = PBXFileReference; lastKnownFileType = text.plist.xml; path = Info.plist; sourceTree = "<group>"; };
/* End PBXFileReference section */

/* Begin PBXFrameworksBuildPhase section */
		2DA9E1B4292DA07D00EF5845 /* Frameworks */ = {
			isa = PBXFrameworksBuildPhase;
			buildActionMask = 2147483647;
			files = (
				2D5F8C85293BAB3E00EDB140 /* Alamofire in Frameworks */,
			);
			runOnlyForDeploymentPostprocessing = 0;
		};
/* End PBXFrameworksBuildPhase section */

/* Begin PBXGroup section */
		2DA9E1AE292DA07D00EF5845 = {
			isa = PBXGroup;
			children = (
				2DA9E1B9292DA07D00EF5845 /* FinalProject */,
				2DA9E1B8292DA07D00EF5845 /* Products */,
			);
			sourceTree = "<group>";
		};
		2DA9E1B8292DA07D00EF5845 /* Products */ = {
			isa = PBXGroup;
			children = (
				2DA9E1B7292DA07D00EF5845 /* FinalProject.app */,
			);
			name = Products;
			sourceTree = "<group>";
		};
		2DA9E1B9292DA07D00EF5845 /* FinalProject */ = {
			isa = PBXGroup;
			children = (
				2DA9E1BA292DA07D00EF5845 /* AppDelegate.swift */,
				2DA9E1BC292DA07D00EF5845 /* SceneDelegate.swift */,
				2D5F8C81293BA9E300EDB140 /* SplashViewController.swift */,
				2DA56DC72939ABEE008C3DFC /* StockListViewController.swift */,
				2D4DFD66293D5DCA00B61D30 /* StockDetailViewController.swift */,
				2DA56DC92939AC79008C3DFC /* StockTableViewCell.swift */,
				2D1F90C2293E6E5500AD2305 /* CompanyOverview.swift */,
				2D4DFD6A293D822800B61D30 /* StockQuote.swift */,
				2D5F8C8A293BFD8A00EDB140 /* StockSearch.swift */,
				2D5F8C86293BAB5100EDB140 /* NetworkingProvider.swift */,
				2DA9E1C0292DA07D00EF5845 /* Main.storyboard */,
				2DA9E1C3292DA07E00EF5845 /* Assets.xcassets */,
				2DA9E1C5292DA07E00EF5845 /* LaunchScreen.storyboard */,
				2DA9E1C8292DA07E00EF5845 /* Info.plist */,
			);
			path = FinalProject;
			sourceTree = "<group>";
		};
/* End PBXGroup section */

/* Begin PBXNativeTarget section */
		2DA9E1B6292DA07D00EF5845 /* FinalProject */ = {
			isa = PBXNativeTarget;
			buildConfigurationList = 2DA9E1CB292DA07E00EF5845 /* Build configuration list for PBXNativeTarget "FinalProject" */;
			buildPhases = (
				2DA9E1B3292DA07D00EF5845 /* Sources */,
				2DA9E1B4292DA07D00EF5845 /* Frameworks */,
				2DA9E1B5292DA07D00EF5845 /* Resources */,
			);
			buildRules = (
			);
			dependencies = (
			);
			name = FinalProject;
			packageProductDependencies = (
				2D5F8C84293BAB3E00EDB140 /* Alamofire */,
			);
			productName = FinalProject;
			productReference = 2DA9E1B7292DA07D00EF5845 /* FinalProject.app */;
			productType = "com.apple.product-type.application";
		};
/* End PBXNativeTarget section */

/* Begin PBXProject section */
		2DA9E1AF292DA07D00EF5845 /* Project object */ = {
			isa = PBXProject;
			attributes = {
				BuildIndependentTargetsInParallel = 1;
				LastSwiftUpdateCheck = 1410;
				LastUpgradeCheck = 1410;
				TargetAttributes = {
					2DA9E1B6292DA07D00EF5845 = {
						CreatedOnToolsVersion = 14.1;
					};
				};
			};
			buildConfigurationList = 2DA9E1B2292DA07D00EF5845 /* Build configuration list for PBXProject "FinalProject" */;
			compatibilityVersion = "Xcode 14.0";
			developmentRegion = en;
			hasScannedForEncodings = 0;
			knownRegions = (
				en,
				Base,
			);
			mainGroup = 2DA9E1AE292DA07D00EF5845;
			packageReferences = (
				2D5F8C83293BAB3E00EDB140 /* XCRemoteSwiftPackageReference "Alamofire" */,
			);
			productRefGroup = 2DA9E1B8292DA07D00EF5845 /* Products */;
			projectDirPath = "";
			projectRoot = "";
			targets = (
				2DA9E1B6292DA07D00EF5845 /* FinalProject */,
			);
		};
/* End PBXProject section */

/* Begin PBXResourcesBuildPhase section */
		2DA9E1B5292DA07D00EF5845 /* Resources */ = {
			isa = PBXResourcesBuildPhase;
			buildActionMask = 2147483647;
			files = (
				2DA9E1C7292DA07E00EF5845 /* LaunchScreen.storyboard in Resources */,
				2DA9E1C4292DA07E00EF5845 /* Assets.xcassets in Resources */,
				2DA9E1C2292DA07D00EF5845 /* Main.storyboard in Resources */,
			);
			runOnlyForDeploymentPostprocessing = 0;
		};
/* End PBXResourcesBuildPhase section */

/* Begin PBXSourcesBuildPhase section */
		2DA9E1B3292DA07D00EF5845 /* Sources */ = {
			isa = PBXSourcesBuildPhase;
			buildActionMask = 2147483647;
			files = (
				2D4DFD67293D5DCA00B61D30 /* StockDetailViewController.swift in Sources */,
				2DA56DC82939ABEE008C3DFC /* StockListViewController.swift in Sources */,
				2D4DFD6B293D822800B61D30 /* StockQuote.swift in Sources */,
				2DA9E1BB292DA07D00EF5845 /* AppDelegate.swift in Sources */,
				2D5F8C8B293BFD8A00EDB140 /* StockSearch.swift in Sources */,
				2D5F8C87293BAB5100EDB140 /* NetworkingProvider.swift in Sources */,
				2DA56DCA2939AC79008C3DFC /* StockTableViewCell.swift in Sources */,
				2D1F90C3293E6E5500AD2305 /* CompanyOverview.swift in Sources */,
				2DA9E1BD292DA07D00EF5845 /* SceneDelegate.swift in Sources */,
				2D5F8C82293BA9E300EDB140 /* SplashViewController.swift in Sources */,
			);
			runOnlyForDeploymentPostprocessing = 0;
		};
/* End PBXSourcesBuildPhase section */

/* Begin PBXVariantGroup section */
		2DA9E1C0292DA07D00EF5845 /* Main.storyboard */ = {
			isa = PBXVariantGroup;
			children = (
				2DA9E1C1292DA07D00EF5845 /* Base */,
			);
			name = Main.storyboard;
			sourceTree = "<group>";
		};
		2DA9E1C5292DA07E00EF5845 /* LaunchScreen.storyboard */ = {
			isa = PBXVariantGroup;
			children = (
				2DA9E1C6292DA07E00EF5845 /* Base */,
			);
			name = LaunchScreen.storyboard;
			sourceTree = "<group>";
		};
/* End PBXVariantGroup section */

/* Begin XCBuildConfiguration section */
		2DA9E1C9292DA07E00EF5845 /* Debug */ = {
			isa = XCBuildConfiguration;
			buildSettings = {
				ALWAYS_SEARCH_USER_PATHS = NO;
				CLANG_ANALYZER_NONNULL = YES;
				CLANG_ANALYZER_NUMBER_OBJECT_CONVERSION = YES_AGGRESSIVE;
				CLANG_CXX_LANGUAGE_STANDARD = "gnu++20";
				CLANG_ENABLE_MODULES = YES;
				CLANG_ENABLE_OBJC_ARC = YES;
				CLANG_ENABLE_OBJC_WEAK = YES;
				CLANG_WARN_BLOCK_CAPTURE_AUTORELEASING = YES;
				CLANG_WARN_BOOL_CONVERSION = YES;
				CLANG_WARN_COMMA = YES;
				CLANG_WARN_CONSTANT_CONVERSION = YES;
				CLANG_WARN_DEPRECATED_OBJC_IMPLEMENTATIONS = YES;
				CLANG_WARN_DIRECT_OBJC_ISA_USAGE = YES_ERROR;
				CLANG_WARN_DOCUMENTATION_COMMENTS = YES;
				CLANG_WARN_EMPTY_BODY = YES;
				CLANG_WARN_ENUM_CONVERSION = YES;
				CLANG_WARN_INFINITE_RECURSION = YES;
				CLANG_WARN_INT_CONVERSION = YES;
				CLANG_WARN_NON_LITERAL_NULL_CONVERSION = YES;
				CLANG_WARN_OBJC_IMPLICIT_RETAIN_SELF = YES;
				CLANG_WARN_OBJC_LITERAL_CONVERSION = YES;
				CLANG_WARN_OBJC_ROOT_CLASS = YES_ERROR;
				CLANG_WARN_QUOTED_INCLUDE_IN_FRAMEWORK_HEADER = YES;
				CLANG_WARN_RANGE_LOOP_ANALYSIS = YES;
				CLANG_WARN_STRICT_PROTOTYPES = YES;
				CLANG_WARN_SUSPICIOUS_MOVE = YES;
				CLANG_WARN_UNGUARDED_AVAILABILITY = YES_AGGRESSIVE;
				CLANG_WARN_UNREACHABLE_CODE = YES;
				CLANG_WARN__DUPLICATE_METHOD_MATCH = YES;
				COPY_PHASE_STRIP = NO;
				DEBUG_INFORMATION_FORMAT = dwarf;
				ENABLE_STRICT_OBJC_MSGSEND = YES;
				ENABLE_TESTABILITY = YES;
				GCC_C_LANGUAGE_STANDARD = gnu11;
				GCC_DYNAMIC_NO_PIC = NO;
				GCC_NO_COMMON_BLOCKS = YES;
				GCC_OPTIMIZATION_LEVEL = 0;
				GCC_PREPROCESSOR_DEFINITIONS = (
					"DEBUG=1",
					"$(inherited)",
				);
				GCC_WARN_64_TO_32_BIT_CONVERSION = YES;
				GCC_WARN_ABOUT_RETURN_TYPE = YES_ERROR;
				GCC_WARN_UNDECLARED_SELECTOR = YES;
				GCC_WARN_UNINITIALIZED_AUTOS = YES_AGGRESSIVE;
				GCC_WARN_UNUSED_FUNCTION = YES;
				GCC_WARN_UNUSED_VARIABLE = YES;
				IPHONEOS_DEPLOYMENT_TARGET = 16.1;
				MTL_ENABLE_DEBUG_INFO = INCLUDE_SOURCE;
				MTL_FAST_MATH = YES;
				ONLY_ACTIVE_ARCH = YES;
				SDKROOT = iphoneos;
				SWIFT_ACTIVE_COMPILATION_CONDITIONS = DEBUG;
				SWIFT_OPTIMIZATION_LEVEL = "-Onone";
			};
			name = Debug;
		};
		2DA9E1CA292DA07E00EF5845 /* Release */ = {
			isa = XCBuildConfiguration;
			buildSettings = {
				ALWAYS_SEARCH_USER_PATHS = NO;
				CLANG_ANALYZER_NONNULL = YES;
				CLANG_ANALYZER_NUMBER_OBJECT_CONVERSION = YES_AGGRESSIVE;
				CLANG_CXX_LANGUAGE_STANDARD = "gnu++20";
				CLANG_ENABLE_MODULES = YES;
				CLANG_ENABLE_OBJC_ARC = YES;
				CLANG_ENABLE_OBJC_WEAK = YES;
				CLANG_WARN_BLOCK_CAPTURE_AUTORELEASING = YES;
				CLANG_WARN_BOOL_CONVERSION = YES;
				CLANG_WARN_COMMA = YES;
				CLANG_WARN_CONSTANT_CONVERSION = YES;
				CLANG_WARN_DEPRECATED_OBJC_IMPLEMENTATIONS = YES;
				CLANG_WARN_DIRECT_OBJC_ISA_USAGE = YES_ERROR;
				CLANG_WARN_DOCUMENTATION_COMMENTS = YES;
				CLANG_WARN_EMPTY_BODY = YES;
				CLANG_WARN_ENUM_CONVERSION = YES;
				CLANG_WARN_INFINITE_RECURSION = YES;
				CLANG_WARN_INT_CONVERSION = YES;
				CLANG_WARN_NON_LITERAL_NULL_CONVERSION = YES;
				CLANG_WARN_OBJC_IMPLICIT_RETAIN_SELF = YES;
				CLANG_WARN_OBJC_LITERAL_CONVERSION = YES;
				CLANG_WARN_OBJC_ROOT_CLASS = YES_ERROR;
				CLANG_WARN_QUOTED_INCLUDE_IN_FRAMEWORK_HEADER = YES;
				CLANG_WARN_RANGE_LOOP_ANALYSIS = YES;
				CLANG_WARN_STRICT_PROTOTYPES = YES;
				CLANG_WARN_SUSPICIOUS_MOVE = YES;
				CLANG_WARN_UNGUARDED_AVAILABILITY = YES_AGGRESSIVE;
				CLANG_WARN_UNREACHABLE_CODE = YES;
				CLANG_WARN__DUPLICATE_METHOD_MATCH = YES;
				COPY_PHASE_STRIP = NO;
				DEBUG_INFORMATION_FORMAT = "dwarf-with-dsym";
				ENABLE_NS_ASSERTIONS = NO;
				ENABLE_STRICT_OBJC_MSGSEND = YES;
				GCC_C_LANGUAGE_STANDARD = gnu11;
				GCC_NO_COMMON_BLOCKS = YES;
				GCC_WARN_64_TO_32_BIT_CONVERSION = YES;
				GCC_WARN_ABOUT_RETURN_TYPE = YES_ERROR;
				GCC_WARN_UNDECLARED_SELECTOR = YES;
				GCC_WARN_UNINITIALIZED_AUTOS = YES_AGGRESSIVE;
				GCC_WARN_UNUSED_FUNCTION = YES;
				GCC_WARN_UNUSED_VARIABLE = YES;
				IPHONEOS_DEPLOYMENT_TARGET = 16.1;
				MTL_ENABLE_DEBUG_INFO = NO;
				MTL_FAST_MATH = YES;
				SDKROOT = iphoneos;
				SWIFT_COMPILATION_MODE = wholemodule;
				SWIFT_OPTIMIZATION_LEVEL = "-O";
				VALIDATE_PRODUCT = YES;
			};
			name = Release;
		};
		2DA9E1CC292DA07E00EF5845 /* Debug */ = {
			isa = XCBuildConfiguration;
			buildSettings = {
				ASSETCATALOG_COMPILER_APPICON_NAME = AppIcon;
				ASSETCATALOG_COMPILER_GLOBAL_ACCENT_COLOR_NAME = AccentColor;
				CODE_SIGN_STYLE = Automatic;
				CURRENT_PROJECT_VERSION = 1;
				DEVELOPMENT_TEAM = B5MHW346SZ;
				GENERATE_INFOPLIST_FILE = YES;
				INFOPLIST_FILE = FinalProject/Info.plist;
				INFOPLIST_KEY_UIApplicationSupportsIndirectInputEvents = YES;
				INFOPLIST_KEY_UILaunchStoryboardName = LaunchScreen;
				INFOPLIST_KEY_UIMainStoryboardFile = Main;
				INFOPLIST_KEY_UISupportedInterfaceOrientations_iPad = "UIInterfaceOrientationPortrait UIInterfaceOrientationPortraitUpsideDown UIInterfaceOrientationLandscapeLeft UIInterfaceOrientationLandscapeRight";
				INFOPLIST_KEY_UISupportedInterfaceOrientations_iPhone = "UIInterfaceOrientationPortrait UIInterfaceOrientationLandscapeLeft UIInterfaceOrientationLandscapeRight";
				LD_RUNPATH_SEARCH_PATHS = (
					"$(inherited)",
					"@executable_path/Frameworks",
				);
				MARKETING_VERSION = 1.0;
				PRODUCT_BUNDLE_IDENTIFIER = ana.FinalProject;
				PRODUCT_NAME = "$(TARGET_NAME)";
				SWIFT_EMIT_LOC_STRINGS = YES;
				SWIFT_VERSION = 5.0;
				TARGETED_DEVICE_FAMILY = "1,2";
			};
			name = Debug;
		};
		2DA9E1CD292DA07E00EF5845 /* Release */ = {
			isa = XCBuildConfiguration;
			buildSettings = {
				ASSETCATALOG_COMPILER_APPICON_NAME = AppIcon;
				ASSETCATALOG_COMPILER_GLOBAL_ACCENT_COLOR_NAME = AccentColor;
				CODE_SIGN_STYLE = Automatic;
				CURRENT_PROJECT_VERSION = 1;
				DEVELOPMENT_TEAM = B5MHW346SZ;
				GENERATE_INFOPLIST_FILE = YES;
				INFOPLIST_FILE = FinalProject/Info.plist;
				INFOPLIST_KEY_UIApplicationSupportsIndirectInputEvents = YES;
				INFOPLIST_KEY_UILaunchStoryboardName = LaunchScreen;
				INFOPLIST_KEY_UIMainStoryboardFile = Main;
				INFOPLIST_KEY_UISupportedInterfaceOrientations_iPad = "UIInterfaceOrientationPortrait UIInterfaceOrientationPortraitUpsideDown UIInterfaceOrientationLandscapeLeft UIInterfaceOrientationLandscapeRight";
				INFOPLIST_KEY_UISupportedInterfaceOrientations_iPhone = "UIInterfaceOrientationPortrait UIInterfaceOrientationLandscapeLeft UIInterfaceOrientationLandscapeRight";
				LD_RUNPATH_SEARCH_PATHS = (
					"$(inherited)",
					"@executable_path/Frameworks",
				);
				MARKETING_VERSION = 1.0;
				PRODUCT_BUNDLE_IDENTIFIER = ana.FinalProject;
				PRODUCT_NAME = "$(TARGET_NAME)";
				SWIFT_EMIT_LOC_STRINGS = YES;
				SWIFT_VERSION = 5.0;
				TARGETED_DEVICE_FAMILY = "1,2";
			};
			name = Release;
		};
/* End XCBuildConfiguration section */

/* Begin XCConfigurationList section */
		2DA9E1B2292DA07D00EF5845 /* Build configuration list for PBXProject "FinalProject" */ = {
			isa = XCConfigurationList;
			buildConfigurations = (
				2DA9E1C9292DA07E00EF5845 /* Debug */,
				2DA9E1CA292DA07E00EF5845 /* Release */,
			);
			defaultConfigurationIsVisible = 0;
			defaultConfigurationName = Release;
		};
		2DA9E1CB292DA07E00EF5845 /* Build configuration list for PBXNativeTarget "FinalProject" */ = {
			isa = XCConfigurationList;
			buildConfigurations = (
				2DA9E1CC292DA07E00EF5845 /* Debug */,
				2DA9E1CD292DA07E00EF5845 /* Release */,
			);
			defaultConfigurationIsVisible = 0;
			defaultConfigurationName = Release;
		};
/* End XCConfigurationList section */

/* Begin XCRemoteSwiftPackageReference section */
		2D5F8C83293BAB3E00EDB140 /* XCRemoteSwiftPackageReference "Alamofire" */ = {
			isa = XCRemoteSwiftPackageReference;
			repositoryURL = "https://github.com/Alamofire/Alamofire.git";
			requirement = {
				kind = upToNextMajorVersion;
				minimumVersion = 5.0.0;
			};
		};
/* End XCRemoteSwiftPackageReference section */

/* Begin XCSwiftPackageProductDependency section */
		2D5F8C84293BAB3E00EDB140 /* Alamofire */ = {
			isa = XCSwiftPackageProductDependency;
			package = 2D5F8C83293BAB3E00EDB140 /* XCRemoteSwiftPackageReference "Alamofire" */;
			productName = Alamofire;
		};
/* End XCSwiftPackageProductDependency section */
	};
	rootObject = 2DA9E1AF292DA07D00EF5845 /* Project object */;
}
